
Microsoft Visual Studio Solution File, Format Version 12.00
# Visual Studio Version 17
VisualStudioVersion = 17.6.33829.357
MinimumVisualStudioVersion = 10.0.40219.1
Project("{FAE04EC0-301F-11D3-BF4B-00C04F79EFBC}") = "MSTS-Converter", "MSTS-Converter\MSTS-Converter.csproj", "{6194BC53-14C2-4E1B-B918-715FDA524E48}"
EndProject
Global
	GlobalSection(SolutionConfigurationPlatforms) = preSolution
		Debug|Any CPU = Debug|Any CPU
		Release|Any CPU = Release|Any CPU
	EndGlobalSection
	GlobalSection(ProjectConfigurationPlatforms) = postSolution
		{6194BC53-14C2-4E1B-B918-715FDA524E48}.Debug|Any CPU.ActiveCfg = Debug|Any CPU
		{6194BC53-14C2-4E1B-B918-715FDA524E48}.Debug|Any CPU.Build.0 = Debug|Any CPU
		{6194BC53-14C2-4E1B-B918-715FDA524E48}.Release|Any CPU.ActiveCfg = Release|Any CPU
		{6194BC53-14C2-4E1B-B918-715FDA524E48}.Release|Any CPU.Build.0 = Release|Any CPU
	EndGlobalSection
	GlobalSection(SolutionProperties) = preSolution
		HideSolutionNode = FALSE
	EndGlobalSection
	GlobalSection(ExtensibilityGlobals) = postSolution
		SolutionGuid = {0914E126-AD29-4471-8A41-2E6E15D3D744}
	EndGlobalSection
EndGlobal
